
Microsoft Visual Studio Solution File, Format Version 12.00
# Visual Studio Version 17
VisualStudioVersion = 17.14.36511.14
MinimumVisualStudioVersion = 10.0.40219.1
Project("{2150E333-8FDC-42A3-9474-1A3956D46DE8}") = "Task0", "Task0", "{02EA681E-C7D8-13C7-8484-4AC65E1B71E8}"
EndProject
Project("{FAE04EC0-301F-11D3-BF4B-00C04F79EFBC}") = "Tyuiu.LeushinP.Sprint3.Task0.V11", "Tyuiu.LeushinP.Sprint3.Task0.V11\Tyuiu.LeushinP.Sprint3.Task0.V11.csproj", "{B3569DEC-0A26-48CD-8689-7615539EBAD1}"
EndProject
Project("{FAE04EC0-301F-11D3-BF4B-00C04F79EFBC}") = "Tyuiu.LeushinP.Sprint3.Task0.V11.Test", "Tyuiu.LeushinP.Sprint3.Task0.V11.Test\Tyuiu.LeushinP.Sprint3.Task0.V11.Test.csproj", "{CBF455C5-9A87-4405-9E5A-DC410C2A8EC3}"
EndProject
Project("{FAE04EC0-301F-11D3-BF4B-00C04F79EFBC}") = "Tyuiu.LeushinP.Sprint3.Task0.V11.Lib", "Tyuiu.LeushinP.Sprint3.Task0.V11.Lib\Tyuiu.LeushinP.Sprint3.Task0.V11.Lib.csproj", "{54921F0B-3F61-4A57-91AD-95FFD1FA61C4}"
EndProject
Project("{2150E333-8FDC-42A3-9474-1A3956D46DE8}") = "Task1", "Task1", "{BCA07BF5-4DF0-4B20-9D72-6A35B6218C02}"
EndProject
Project("{FAE04EC0-301F-11D3-BF4B-00C04F79EFBC}") = "Tyuiu.LeushinP.Sprint3.Task1.V22", "Tyuiu.LeushinP.Sprint3.Task1.V22\Tyuiu.LeushinP.Sprint3.Task1.V22.csproj", "{C2811027-E283-4468-BCE6-3B13E8E883FD}"
EndProject
Project("{FAE04EC0-301F-11D3-BF4B-00C04F79EFBC}") = "Tyuiu.LeushinP.Sprint3.Task1.V22.Test", "Tyuiu.LeushinP.Sprint3.Task1.V22.Test\Tyuiu.LeushinP.Sprint3.Task1.V22.Test.csproj", "{EE3799DE-44DA-475E-A456-B462F5D64666}"
EndProject
Project("{FAE04EC0-301F-11D3-BF4B-00C04F79EFBC}") = "Tyuiu.LeushinP.Sprint3.Task1.V22.Lib", "Tyuiu.LeushinP.Sprint3.Task1.V22.Lib\Tyuiu.LeushinP.Sprint3.Task1.V22.Lib.csproj", "{7BD349A2-0BA3-4BD1-AFB8-6FAEC4920A08}"
EndProject
Project("{2150E333-8FDC-42A3-9474-1A3956D46DE8}") = "Task2", "Task2", "{1B07552A-ECE3-4626-8A99-CB6E938AE63B}"
EndProject
Project("{FAE04EC0-301F-11D3-BF4B-00C04F79EFBC}") = "Tyuiu.LeushinP.Sprint3.Task2.V6.Test", "Tyuiu.LeushinP.Sprint3.Task2.V6.Test\Tyuiu.LeushinP.Sprint3.Task2.V6.Test.csproj", "{DAEA4F93-973A-47C4-A811-2E8E175DE74A}"
EndProject
Project("{FAE04EC0-301F-11D3-BF4B-00C04F79EFBC}") = "Tyuiu.LeushinP.Sprint3.Task2.V6", "Tyuiu.LeushinP.Sprint3.Task2.V6\Tyuiu.LeushinP.Sprint3.Task2.V6.csproj", "{47AD7E3C-C7BA-4E6E-AD28-0F184115F9E9}"
EndProject
Project("{FAE04EC0-301F-11D3-BF4B-00C04F79EFBC}") = "Tyuiu.LeushinP.Sprint3.Task2.V6.Lib", "Tyuiu.LeushinP.Sprint3.Task2.V6.Lib\Tyuiu.LeushinP.Sprint3.Task2.V6.Lib.csproj", "{D4EAE5B9-14D9-44F9-A0BB-995DBA0E7162}"
EndProject
Global
	GlobalSection(SolutionConfigurationPlatforms) = preSolution
		Debug|Any CPU = Debug|Any CPU
		Release|Any CPU = Release|Any CPU
	EndGlobalSection
	GlobalSection(ProjectConfigurationPlatforms) = postSolution
		{B3569DEC-0A26-48CD-8689-7615539EBAD1}.Debug|Any CPU.ActiveCfg = Debug|Any CPU
		{B3569DEC-0A26-48CD-8689-7615539EBAD1}.Debug|Any CPU.Build.0 = Debug|Any CPU
		{B3569DEC-0A26-48CD-8689-7615539EBAD1}.Release|Any CPU.ActiveCfg = Release|Any CPU
		{B3569DEC-0A26-48CD-8689-7615539EBAD1}.Release|Any CPU.Build.0 = Release|Any CPU
		{CBF455C5-9A87-4405-9E5A-DC410C2A8EC3}.Debug|Any CPU.ActiveCfg = Debug|Any CPU
		{CBF455C5-9A87-4405-9E5A-DC410C2A8EC3}.Debug|Any CPU.Build.0 = Debug|Any CPU
		{CBF455C5-9A87-4405-9E5A-DC410C2A8EC3}.Release|Any CPU.ActiveCfg = Release|Any CPU
		{CBF455C5-9A87-4405-9E5A-DC410C2A8EC3}.Release|Any CPU.Build.0 = Release|Any CPU
		{54921F0B-3F61-4A57-91AD-95FFD1FA61C4}.Debug|Any CPU.ActiveCfg = Debug|Any CPU
		{54921F0B-3F61-4A57-91AD-95FFD1FA61C4}.Debug|Any CPU.Build.0 = Debug|Any CPU
		{54921F0B-3F61-4A57-91AD-95FFD1FA61C4}.Release|Any CPU.ActiveCfg = Release|Any CPU
		{54921F0B-3F61-4A57-91AD-95FFD1FA61C4}.Release|Any CPU.Build.0 = Release|Any CPU
		{C2811027-E283-4468-BCE6-3B13E8E883FD}.Debug|Any CPU.ActiveCfg = Debug|Any CPU
		{C2811027-E283-4468-BCE6-3B13E8E883FD}.Debug|Any CPU.Build.0 = Debug|Any CPU
		{C2811027-E283-4468-BCE6-3B13E8E883FD}.Release|Any CPU.ActiveCfg = Release|Any CPU
		{C2811027-E283-4468-BCE6-3B13E8E883FD}.Release|Any CPU.Build.0 = Release|Any CPU
		{EE3799DE-44DA-475E-A456-B462F5D64666}.Debug|Any CPU.ActiveCfg = Debug|Any CPU
		{EE3799DE-44DA-475E-A456-B462F5D64666}.Debug|Any CPU.Build.0 = Debug|Any CPU
		{EE3799DE-44DA-475E-A456-B462F5D64666}.Release|Any CPU.ActiveCfg = Release|Any CPU
		{EE3799DE-44DA-475E-A456-B462F5D64666}.Release|Any CPU.Build.0 = Release|Any CPU
		{7BD349A2-0BA3-4BD1-AFB8-6FAEC4920A08}.Debug|Any CPU.ActiveCfg = Debug|Any CPU
		{7BD349A2-0BA3-4BD1-AFB8-6FAEC4920A08}.Debug|Any CPU.Build.0 = Debug|Any CPU
		{7BD349A2-0BA3-4BD1-AFB8-6FAEC4920A08}.Release|Any CPU.ActiveCfg = Release|Any CPU
		{7BD349A2-0BA3-4BD1-AFB8-6FAEC4920A08}.Release|Any CPU.Build.0 = Release|Any CPU
		{DAEA4F93-973A-47C4-A811-2E8E175DE74A}.Debug|Any CPU.ActiveCfg = Debug|Any CPU
		{DAEA4F93-973A-47C4-A811-2E8E175DE74A}.Debug|Any CPU.Build.0 = Debug|Any CPU
		{DAEA4F93-973A-47C4-A811-2E8E175DE74A}.Release|Any CPU.ActiveCfg = Release|Any CPU
		{DAEA4F93-973A-47C4-A811-2E8E175DE74A}.Release|Any CPU.Build.0 = Release|Any CPU
		{47AD7E3C-C7BA-4E6E-AD28-0F184115F9E9}.Debug|Any CPU.ActiveCfg = Debug|Any CPU
		{47AD7E3C-C7BA-4E6E-AD28-0F184115F9E9}.Debug|Any CPU.Build.0 = Debug|Any CPU
		{47AD7E3C-C7BA-4E6E-AD28-0F184115F9E9}.Release|Any CPU.ActiveCfg = Release|Any CPU
		{47AD7E3C-C7BA-4E6E-AD28-0F184115F9E9}.Release|Any CPU.Build.0 = Release|Any CPU
		{D4EAE5B9-14D9-44F9-A0BB-995DBA0E7162}.Debug|Any CPU.ActiveCfg = Debug|Any CPU
		{D4EAE5B9-14D9-44F9-A0BB-995DBA0E7162}.Debug|Any CPU.Build.0 = Debug|Any CPU
		{D4EAE5B9-14D9-44F9-A0BB-995DBA0E7162}.Release|Any CPU.ActiveCfg = Release|Any CPU
		{D4EAE5B9-14D9-44F9-A0BB-995DBA0E7162}.Release|Any CPU.Build.0 = Release|Any CPU
	EndGlobalSection
	GlobalSection(SolutionProperties) = preSolution
		HideSolutionNode = FALSE
	EndGlobalSection
	GlobalSection(NestedProjects) = preSolution
		{B3569DEC-0A26-48CD-8689-7615539EBAD1} = {02EA681E-C7D8-13C7-8484-4AC65E1B71E8}
		{CBF455C5-9A87-4405-9E5A-DC410C2A8EC3} = {02EA681E-C7D8-13C7-8484-4AC65E1B71E8}
		{54921F0B-3F61-4A57-91AD-95FFD1FA61C4} = {02EA681E-C7D8-13C7-8484-4AC65E1B71E8}
		{C2811027-E283-4468-BCE6-3B13E8E883FD} = {BCA07BF5-4DF0-4B20-9D72-6A35B6218C02}
		{EE3799DE-44DA-475E-A456-B462F5D64666} = {BCA07BF5-4DF0-4B20-9D72-6A35B6218C02}
		{7BD349A2-0BA3-4BD1-AFB8-6FAEC4920A08} = {BCA07BF5-4DF0-4B20-9D72-6A35B6218C02}
		{DAEA4F93-973A-47C4-A811-2E8E175DE74A} = {1B07552A-ECE3-4626-8A99-CB6E938AE63B}
		{47AD7E3C-C7BA-4E6E-AD28-0F184115F9E9} = {1B07552A-ECE3-4626-8A99-CB6E938AE63B}
		{D4EAE5B9-14D9-44F9-A0BB-995DBA0E7162} = {1B07552A-ECE3-4626-8A99-CB6E938AE63B}
	EndGlobalSection
	GlobalSection(ExtensibilityGlobals) = postSolution
		SolutionGuid = {137B06CA-303E-487C-948D-C8A4DCEEE641}
	EndGlobalSection
EndGlobal
